// !$*UTF8*$!
{
	archiveVersion = 1;
	classes = {
	};
	objectVersion = 51;
	objects = {

/* Begin PBXBuildFile section */
		4ECD021E24C44C75005E81FD /* RouteListEdittingTableViewController.swift in Sources */ = {isa = PBXBuildFile; fileRef = 4ECD021D24C44C74005E81FD /* RouteListEdittingTableViewController.swift */; };
		4EDE7400247F933200847707 /* APIData.swift in Sources */ = {isa = PBXBuildFile; fileRef = 4EDE73FF247F933200847707 /* APIData.swift */; };
		4EDE74222480F1A600847707 /* CallBusAPI.swift in Sources */ = {isa = PBXBuildFile; fileRef = 4EDE74212480F1A600847707 /* CallBusAPI.swift */; };
		4EE2ACFB24856408008170E9 /* CallMetroAPI.swift in Sources */ = {isa = PBXBuildFile; fileRef = 4EE2ACFA24856408008170E9 /* CallMetroAPI.swift */; };
		4EE2AD21248D6A24008170E9 /* MetroStationAdditionTableViewController.swift in Sources */ = {isa = PBXBuildFile; fileRef = 4EE2AD20248D6A24008170E9 /* MetroStationAdditionTableViewController.swift */; };
		4EE2AD23248D6A7C008170E9 /* MetroStationCell.swift in Sources */ = {isa = PBXBuildFile; fileRef = 4EE2AD22248D6A7C008170E9 /* MetroStationCell.swift */; };
		4EE2AD25248D6DCD008170E9 /* MetroStationAdditionCell.swift in Sources */ = {isa = PBXBuildFile; fileRef = 4EE2AD24248D6DCD008170E9 /* MetroStationAdditionCell.swift */; };
		4EE2AD50249FC5AF008170E9 /* LocationSearchAutoCompleteViewController.swift in Sources */ = {isa = PBXBuildFile; fileRef = 4EE2AD4F249FC5AF008170E9 /* LocationSearchAutoCompleteViewController.swift */; };
		4EE2AD52249FCD6F008170E9 /* ODsaySDK.framework in Frameworks */ = {isa = PBXBuildFile; fileRef = 4EE2AD51249FCD6F008170E9 /* ODsaySDK.framework */; };
		4EE2AD53249FCD6F008170E9 /* ODsaySDK.framework in Embed Frameworks */ = {isa = PBXBuildFile; fileRef = 4EE2AD51249FCD6F008170E9 /* ODsaySDK.framework */; settings = {ATTRIBUTES = (CodeSignOnCopy, RemoveHeadersOnCopy, ); }; };
		4EE2AD5724A2B3EC008170E9 /* CallRouteAPI.swift in Sources */ = {isa = PBXBuildFile; fileRef = 4EE2AD5624A2B3EC008170E9 /* CallRouteAPI.swift */; };
		6D500938248E6BA00057F6A6 /* LocationManagerTabBarController.swift in Sources */ = {isa = PBXBuildFile; fileRef = 6D500937248E6BA00057F6A6 /* LocationManagerTabBarController.swift */; };
		6D50093A248E6BA80057F6A6 /* LocalNotificationManager.swift in Sources */ = {isa = PBXBuildFile; fileRef = 6D500939248E6BA80057F6A6 /* LocalNotificationManager.swift */; };
		882C5BA92477D8C600E084C3 /* AlarmSettingTableViewController.swift in Sources */ = {isa = PBXBuildFile; fileRef = 882C5BA82477D8C600E084C3 /* AlarmSettingTableViewController.swift */; };
		882C5BAB2478F58B00E084C3 /* BusFavoritesTableViewController.swift in Sources */ = {isa = PBXBuildFile; fileRef = 882C5BAA2478F58B00E084C3 /* BusFavoritesTableViewController.swift */; };
		882E23722491370C00564D3D /* LocationSearchParentsViewController.swift in Sources */ = {isa = PBXBuildFile; fileRef = 882E23712491370C00564D3D /* LocationSearchParentsViewController.swift */; };
		882E23742491372D00564D3D /* LocationSearchBarViewController.swift in Sources */ = {isa = PBXBuildFile; fileRef = 882E23732491372D00564D3D /* LocationSearchBarViewController.swift */; };
		882E23762491374200564D3D /* LocationSearchResultTableViewController.swift in Sources */ = {isa = PBXBuildFile; fileRef = 882E23752491374200564D3D /* LocationSearchResultTableViewController.swift */; };
		883F3DE1249F3B4E00A86C25 /* RouteDetailInfoTableViewController.swift in Sources */ = {isa = PBXBuildFile; fileRef = 883F3DE0249F3B4E00A86C25 /* RouteDetailInfoTableViewController.swift */; };
		883F3DE3249F4C2900A86C25 /* RouteWalkCell.swift in Sources */ = {isa = PBXBuildFile; fileRef = 883F3DE2249F4C2900A86C25 /* RouteWalkCell.swift */; };
		883F3DE7249F4C6000A86C25 /* RouteEndCell.swift in Sources */ = {isa = PBXBuildFile; fileRef = 883F3DE6249F4C6000A86C25 /* RouteEndCell.swift */; };
		883F3DE9249F4C7700A86C25 /* RouteBusCell.swift in Sources */ = {isa = PBXBuildFile; fileRef = 883F3DE8249F4C7700A86C25 /* RouteBusCell.swift */; };
		883F3DEB249F4C8600A86C25 /* RouteMetroCell.swift in Sources */ = {isa = PBXBuildFile; fileRef = 883F3DEA249F4C8600A86C25 /* RouteMetroCell.swift */; };
		8843E715246E65D3002D9E7B /* RouteListCell1.swift in Sources */ = {isa = PBXBuildFile; fileRef = 8843E709246E65CE002D9E7B /* RouteListCell1.swift */; };
		8843E717246E65D3002D9E7B /* RouteListTableViewController.swift in Sources */ = {isa = PBXBuildFile; fileRef = 8843E70B246E65CF002D9E7B /* RouteListTableViewController.swift */; };
		8843E719246E65D3002D9E7B /* BusStopCell.swift in Sources */ = {isa = PBXBuildFile; fileRef = 8843E70D246E65CF002D9E7B /* BusStopCell.swift */; };
		8843E71A246E65D3002D9E7B /* RouteData.swift in Sources */ = {isa = PBXBuildFile; fileRef = 8843E70E246E65D0002D9E7B /* RouteData.swift */; };
		8843E71C246E65D3002D9E7B /* BusData.swift in Sources */ = {isa = PBXBuildFile; fileRef = 8843E710246E65D1002D9E7B /* BusData.swift */; };
		8843E71E246E65D3002D9E7B /* RouteSettingTableViewController.swift in Sources */ = {isa = PBXBuildFile; fileRef = 8843E712246E65D2002D9E7B /* RouteSettingTableViewController.swift */; };
		8843E71F246E65D3002D9E7B /* MetroData.swift in Sources */ = {isa = PBXBuildFile; fileRef = 8843E713246E65D2002D9E7B /* MetroData.swift */; };
		8843E720246E65D3002D9E7B /* BusCell.swift in Sources */ = {isa = PBXBuildFile; fileRef = 8843E714246E65D3002D9E7B /* BusCell.swift */; };
		8843E724246E66B8002D9E7B /* MetroFavorites.storyboard in Resources */ = {isa = PBXBuildFile; fileRef = 8843E723246E66B8002D9E7B /* MetroFavorites.storyboard */; };
		8843E726246E66C8002D9E7B /* BusFavorites.storyboard in Resources */ = {isa = PBXBuildFile; fileRef = 8843E725246E66C8002D9E7B /* BusFavorites.storyboard */; };
		8843E728246E66EC002D9E7B /* PathFinding.storyboard in Resources */ = {isa = PBXBuildFile; fileRef = 8843E727246E66EC002D9E7B /* PathFinding.storyboard */; };
		8843E72A246E6719002D9E7B /* RouteList.storyboard in Resources */ = {isa = PBXBuildFile; fileRef = 8843E729246E6718002D9E7B /* RouteList.storyboard */; };
		8845E52824A1AB3B003FF50E /* PathSelectTableViewController.swift in Sources */ = {isa = PBXBuildFile; fileRef = 8845E52724A1AB3B003FF50E /* PathSelectTableViewController.swift */; };
		8845E52A24A1C018003FF50E /* PathFindingParentsViewController.swift in Sources */ = {isa = PBXBuildFile; fileRef = 8845E52924A1C018003FF50E /* PathFindingParentsViewController.swift */; };
		8845E52E24A23695003FF50E /* PathEndPointCell.swift in Sources */ = {isa = PBXBuildFile; fileRef = 8845E52D24A23695003FF50E /* PathEndPointCell.swift */; };
		8845E53024A25452003FF50E /* RoutePreviewBarView.swift in Sources */ = {isa = PBXBuildFile; fileRef = 8845E52F24A25452003FF50E /* RoutePreviewBarView.swift */; };
		8845E53224A28959003FF50E /* RouteDetailLeftView.swift in Sources */ = {isa = PBXBuildFile; fileRef = 8845E53124A28959003FF50E /* RouteDetailLeftView.swift */; };
		8854103124790AB50024D065 /* MetroFavoritesTableViewController.swift in Sources */ = {isa = PBXBuildFile; fileRef = 8854103024790AB50024D065 /* MetroFavoritesTableViewController.swift */; };
		8854103624790B4F0024D065 /* TrainsCell.swift in Sources */ = {isa = PBXBuildFile; fileRef = 8854103524790B4F0024D065 /* TrainsCell.swift */; };
		885EC935248E874100D06648 /* BusSettingTableViewController.swift in Sources */ = {isa = PBXBuildFile; fileRef = 885EC934248E874100D06648 /* BusSettingTableViewController.swift */; };
		8868ED97249122E300468AF8 /* RouteSearchingParentsViewController.swift in Sources */ = {isa = PBXBuildFile; fileRef = 8868ED96249122E300468AF8 /* RouteSearchingParentsViewController.swift */; };
		8868ED99249129B600468AF8 /* RouteSearchBarsViewController.swift in Sources */ = {isa = PBXBuildFile; fileRef = 8868ED98249129B600468AF8 /* RouteSearchBarsViewController.swift */; };
		8868ED9B24912B0600468AF8 /* extensions.swift in Sources */ = {isa = PBXBuildFile; fileRef = 8868ED9A24912B0600468AF8 /* extensions.swift */; };
		886955F5248FD3A50019FD45 /* BusListSettingViewController.swift in Sources */ = {isa = PBXBuildFile; fileRef = 886955F4248FD3A50019FD45 /* BusListSettingViewController.swift */; };
		8878D60B2488C6A5005E3715 /* BusListSettingParentsViewController.swift in Sources */ = {isa = PBXBuildFile; fileRef = 8878D60A2488C6A5005E3715 /* BusListSettingParentsViewController.swift */; };
		8878D60D2488C6C5005E3715 /* BusListSettingTableViewController.swift in Sources */ = {isa = PBXBuildFile; fileRef = 8878D60C2488C6C5005E3715 /* BusListSettingTableViewController.swift */; };
		8878D60F2488C70D005E3715 /* BusListCell.swift in Sources */ = {isa = PBXBuildFile; fileRef = 8878D60E2488C70D005E3715 /* BusListCell.swift */; };
		88AD8D5E247ECA5F0048891E /* MetroSettingTableViewController.swift in Sources */ = {isa = PBXBuildFile; fileRef = 88AD8D5D247ECA5F0048891E /* MetroSettingTableViewController.swift */; };
		88AD8D60247ECAC00048891E /* MetroSettingCell.swift in Sources */ = {isa = PBXBuildFile; fileRef = 88AD8D5F247ECAC00048891E /* MetroSettingCell.swift */; };
		88AD8D62247F88DC0048891E /* RouteSearchResulrTableViewController.swift in Sources */ = {isa = PBXBuildFile; fileRef = 88AD8D61247F88DC0048891E /* RouteSearchResulrTableViewController.swift */; };
		88AD8D64247F89AB0048891E /* RecommendCustomRouteCell.swift in Sources */ = {isa = PBXBuildFile; fileRef = 88AD8D63247F89AB0048891E /* RecommendCustomRouteCell.swift */; };
		88AD8D66247F8F790048891E /* BusStopAdditionTableViewController.swift in Sources */ = {isa = PBXBuildFile; fileRef = 88AD8D65247F8F790048891E /* BusStopAdditionTableViewController.swift */; };
		88AD8D68247F8FFD0048891E /* BusStopAdditionCell.swift in Sources */ = {isa = PBXBuildFile; fileRef = 88AD8D67247F8FFD0048891E /* BusStopAdditionCell.swift */; };
		88D12B7C245309A400B28C12 /* AppDelegate.swift in Sources */ = {isa = PBXBuildFile; fileRef = 88D12B7B245309A400B28C12 /* AppDelegate.swift */; };
		88D12B7E245309A400B28C12 /* SceneDelegate.swift in Sources */ = {isa = PBXBuildFile; fileRef = 88D12B7D245309A400B28C12 /* SceneDelegate.swift */; };
		88D12B83245309A400B28C12 /* Main.storyboard in Resources */ = {isa = PBXBuildFile; fileRef = 88D12B81245309A400B28C12 /* Main.storyboard */; };
		88D12B85245309A600B28C12 /* Assets.xcassets in Resources */ = {isa = PBXBuildFile; fileRef = 88D12B84245309A600B28C12 /* Assets.xcassets */; };
		88D12B88245309A600B28C12 /* LaunchScreen.storyboard in Resources */ = {isa = PBXBuildFile; fileRef = 88D12B86245309A600B28C12 /* LaunchScreen.storyboard */; };
		88D2D2852491F3A600483196 /* LocationSearchResultCell.swift in Sources */ = {isa = PBXBuildFile; fileRef = 88D2D2842491F3A600483196 /* LocationSearchResultCell.swift */; };
		88D64A1B24A08EB200CA65FB /* dummyRoutes.swift in Sources */ = {isa = PBXBuildFile; fileRef = 88D64A1A24A08EB200CA65FB /* dummyRoutes.swift */; };
		88D64A1D24A0D7B700CA65FB /* PathFindingTableViewController.swift in Sources */ = {isa = PBXBuildFile; fileRef = 88D64A1C24A0D7B700CA65FB /* PathFindingTableViewController.swift */; };
		88D64A1F24A0D84C00CA65FB /* PathFindingTitleCell.swift in Sources */ = {isa = PBXBuildFile; fileRef = 88D64A1E24A0D84C00CA65FB /* PathFindingTitleCell.swift */; };
		88E271F12477ADFA008D49F6 /* AlarmData.swift in Sources */ = {isa = PBXBuildFile; fileRef = 88E271F02477ADFA008D49F6 /* AlarmData.swift */; };
		88E271F32477BC37008D49F6 /* RouteListCell2.swift in Sources */ = {isa = PBXBuildFile; fileRef = 88E271F22477BC37008D49F6 /* RouteListCell2.swift */; };
		88E271F72477C516008D49F6 /* RouteAlarmListTableViewController.swift in Sources */ = {isa = PBXBuildFile; fileRef = 88E271F62477C516008D49F6 /* RouteAlarmListTableViewController.swift */; };
		88E271F92477CB3D008D49F6 /* RouteAlarmCell.swift in Sources */ = {isa = PBXBuildFile; fileRef = 88E271F82477CB3D008D49F6 /* RouteAlarmCell.swift */; };
		88E8E8DD247A5D5B001CEF2F /* BusSettingCell.swift in Sources */ = {isa = PBXBuildFile; fileRef = 88E8E8DC247A5D5B001CEF2F /* BusSettingCell.swift */; };
		88F82FFC249DE99B003A070D /* RouteSearchResultCell.swift in Sources */ = {isa = PBXBuildFile; fileRef = 88F82FFB249DE99B003A070D /* RouteSearchResultCell.swift */; };
		AD09590442F9F0EF6AB8DEC5 /* Pods_AlarmMap.framework in Frameworks */ = {isa = PBXBuildFile; fileRef = 9D6D32D83FDE7E3604DD5DDB /* Pods_AlarmMap.framework */; };
/* End PBXBuildFile section */

/* Begin PBXCopyFilesBuildPhase section */
		4EE2AD54249FCD6F008170E9 /* Embed Frameworks */ = {
			isa = PBXCopyFilesBuildPhase;
			buildActionMask = 2147483647;
			dstPath = "";
			dstSubfolderSpec = 10;
			files = (
				4EE2AD53249FCD6F008170E9 /* ODsaySDK.framework in Embed Frameworks */,
			);
			name = "Embed Frameworks";
			runOnlyForDeploymentPostprocessing = 0;
		};
/* End PBXCopyFilesBuildPhase section */

/* Begin PBXFileReference section */
		4E4D5E4624B6EE6C009FA977 /* haksa.gpx */ = {isa = PBXFileReference; lastKnownFileType = text.xml; path = haksa.gpx; sourceTree = "<group>"; };
		4ECD021D24C44C74005E81FD /* RouteListEdittingTableViewController.swift */ = {isa = PBXFileReference; lastKnownFileType = sourcecode.swift; name = RouteListEdittingTableViewController.swift; path = /Users/seoungjunoh/Desktop/realProject/AlarmMap/AlarmMap/RouteListEdittingTableViewController.swift; sourceTree = "<absolute>"; };
		4EDE73FF247F933200847707 /* APIData.swift */ = {isa = PBXFileReference; lastKnownFileType = sourcecode.swift; path = APIData.swift; sourceTree = "<group>"; };
		4EDE74212480F1A600847707 /* CallBusAPI.swift */ = {isa = PBXFileReference; lastKnownFileType = sourcecode.swift; path = CallBusAPI.swift; sourceTree = "<group>"; };
		4EE2ACFA24856408008170E9 /* CallMetroAPI.swift */ = {isa = PBXFileReference; lastKnownFileType = sourcecode.swift; path = CallMetroAPI.swift; sourceTree = "<group>"; };
		4EE2AD20248D6A24008170E9 /* MetroStationAdditionTableViewController.swift */ = {isa = PBXFileReference; lastKnownFileType = sourcecode.swift; path = MetroStationAdditionTableViewController.swift; sourceTree = "<group>"; };
		4EE2AD22248D6A7C008170E9 /* MetroStationCell.swift */ = {isa = PBXFileReference; lastKnownFileType = sourcecode.swift; path = MetroStationCell.swift; sourceTree = "<group>"; };
		4EE2AD24248D6DCD008170E9 /* MetroStationAdditionCell.swift */ = {isa = PBXFileReference; lastKnownFileType = sourcecode.swift; path = MetroStationAdditionCell.swift; sourceTree = "<group>"; };
		4EE2AD4F249FC5AF008170E9 /* LocationSearchAutoCompleteViewController.swift */ = {isa = PBXFileReference; lastKnownFileType = sourcecode.swift; path = LocationSearchAutoCompleteViewController.swift; sourceTree = "<group>"; };
		4EE2AD51249FCD6F008170E9 /* ODsaySDK.framework */ = {isa = PBXFileReference; lastKnownFileType = wrapper.framework; path = ODsaySDK.framework; sourceTree = "<group>"; };
		4EE2AD55249FCE02008170E9 /* ODsaySDKSampleSwift_Swift_h.h */ = {isa = PBXFileReference; lastKnownFileType = sourcecode.c.h; path = ODsaySDKSampleSwift_Swift_h.h; sourceTree = "<group>"; };
		4EE2AD5624A2B3EC008170E9 /* CallRouteAPI.swift */ = {isa = PBXFileReference; lastKnownFileType = sourcecode.swift; path = CallRouteAPI.swift; sourceTree = "<group>"; };
		51A1AF4B42506774E32DC39D /* Pods-AlarmMap.debug.xcconfig */ = {isa = PBXFileReference; includeInIndex = 1; lastKnownFileType = text.xcconfig; name = "Pods-AlarmMap.debug.xcconfig"; path = "Target Support Files/Pods-AlarmMap/Pods-AlarmMap.debug.xcconfig"; sourceTree = "<group>"; };
		6D500937248E6BA00057F6A6 /* LocationManagerTabBarController.swift */ = {isa = PBXFileReference; fileEncoding = 4; lastKnownFileType = sourcecode.swift; path = LocationManagerTabBarController.swift; sourceTree = "<group>"; };
		6D500939248E6BA80057F6A6 /* LocalNotificationManager.swift */ = {isa = PBXFileReference; fileEncoding = 4; lastKnownFileType = sourcecode.swift; path = LocalNotificationManager.swift; sourceTree = "<group>"; };
		882C5BA82477D8C600E084C3 /* AlarmSettingTableViewController.swift */ = {isa = PBXFileReference; lastKnownFileType = sourcecode.swift; path = AlarmSettingTableViewController.swift; sourceTree = "<group>"; };
		882C5BAA2478F58B00E084C3 /* BusFavoritesTableViewController.swift */ = {isa = PBXFileReference; lastKnownFileType = sourcecode.swift; path = BusFavoritesTableViewController.swift; sourceTree = "<group>"; };
		882E23712491370C00564D3D /* LocationSearchParentsViewController.swift */ = {isa = PBXFileReference; lastKnownFileType = sourcecode.swift; path = LocationSearchParentsViewController.swift; sourceTree = "<group>"; };
		882E23732491372D00564D3D /* LocationSearchBarViewController.swift */ = {isa = PBXFileReference; lastKnownFileType = sourcecode.swift; path = LocationSearchBarViewController.swift; sourceTree = "<group>"; };
		882E23752491374200564D3D /* LocationSearchResultTableViewController.swift */ = {isa = PBXFileReference; lastKnownFileType = sourcecode.swift; path = LocationSearchResultTableViewController.swift; sourceTree = "<group>"; };
		883F3DE0249F3B4E00A86C25 /* RouteDetailInfoTableViewController.swift */ = {isa = PBXFileReference; lastKnownFileType = sourcecode.swift; path = RouteDetailInfoTableViewController.swift; sourceTree = "<group>"; };
		883F3DE2249F4C2900A86C25 /* RouteWalkCell.swift */ = {isa = PBXFileReference; lastKnownFileType = sourcecode.swift; path = RouteWalkCell.swift; sourceTree = "<group>"; };
		883F3DE6249F4C6000A86C25 /* RouteEndCell.swift */ = {isa = PBXFileReference; lastKnownFileType = sourcecode.swift; path = RouteEndCell.swift; sourceTree = "<group>"; };
		883F3DE8249F4C7700A86C25 /* RouteBusCell.swift */ = {isa = PBXFileReference; lastKnownFileType = sourcecode.swift; path = RouteBusCell.swift; sourceTree = "<group>"; };
		883F3DEA249F4C8600A86C25 /* RouteMetroCell.swift */ = {isa = PBXFileReference; lastKnownFileType = sourcecode.swift; path = RouteMetroCell.swift; sourceTree = "<group>"; };
		8843E709246E65CE002D9E7B /* RouteListCell1.swift */ = {isa = PBXFileReference; fileEncoding = 4; lastKnownFileType = sourcecode.swift; path = RouteListCell1.swift; sourceTree = "<group>"; };
		8843E70B246E65CF002D9E7B /* RouteListTableViewController.swift */ = {isa = PBXFileReference; fileEncoding = 4; lastKnownFileType = sourcecode.swift; path = RouteListTableViewController.swift; sourceTree = "<group>"; };
		8843E70D246E65CF002D9E7B /* BusStopCell.swift */ = {isa = PBXFileReference; fileEncoding = 4; lastKnownFileType = sourcecode.swift; path = BusStopCell.swift; sourceTree = "<group>"; };
		8843E70E246E65D0002D9E7B /* RouteData.swift */ = {isa = PBXFileReference; fileEncoding = 4; lastKnownFileType = sourcecode.swift; path = RouteData.swift; sourceTree = "<group>"; };
		8843E710246E65D1002D9E7B /* BusData.swift */ = {isa = PBXFileReference; fileEncoding = 4; lastKnownFileType = sourcecode.swift; path = BusData.swift; sourceTree = "<group>"; };
		8843E712246E65D2002D9E7B /* RouteSettingTableViewController.swift */ = {isa = PBXFileReference; fileEncoding = 4; lastKnownFileType = sourcecode.swift; path = RouteSettingTableViewController.swift; sourceTree = "<group>"; };
		8843E713246E65D2002D9E7B /* MetroData.swift */ = {isa = PBXFileReference; fileEncoding = 4; lastKnownFileType = sourcecode.swift; path = MetroData.swift; sourceTree = "<group>"; };
		8843E714246E65D3002D9E7B /* BusCell.swift */ = {isa = PBXFileReference; fileEncoding = 4; lastKnownFileType = sourcecode.swift; path = BusCell.swift; sourceTree = "<group>"; };
		8843E723246E66B8002D9E7B /* MetroFavorites.storyboard */ = {isa = PBXFileReference; lastKnownFileType = file.storyboard; path = MetroFavorites.storyboard; sourceTree = "<group>"; };
		8843E725246E66C8002D9E7B /* BusFavorites.storyboard */ = {isa = PBXFileReference; lastKnownFileType = file.storyboard; path = BusFavorites.storyboard; sourceTree = "<group>"; };
		8843E727246E66EC002D9E7B /* PathFinding.storyboard */ = {isa = PBXFileReference; lastKnownFileType = file.storyboard; path = PathFinding.storyboard; sourceTree = "<group>"; };
		8843E729246E6718002D9E7B /* RouteList.storyboard */ = {isa = PBXFileReference; lastKnownFileType = file.storyboard; path = RouteList.storyboard; sourceTree = "<group>"; };
		8845E52724A1AB3B003FF50E /* PathSelectTableViewController.swift */ = {isa = PBXFileReference; lastKnownFileType = sourcecode.swift; path = PathSelectTableViewController.swift; sourceTree = "<group>"; };
		8845E52924A1C018003FF50E /* PathFindingParentsViewController.swift */ = {isa = PBXFileReference; lastKnownFileType = sourcecode.swift; path = PathFindingParentsViewController.swift; sourceTree = "<group>"; };
		8845E52D24A23695003FF50E /* PathEndPointCell.swift */ = {isa = PBXFileReference; lastKnownFileType = sourcecode.swift; path = PathEndPointCell.swift; sourceTree = "<group>"; };
		8845E52F24A25452003FF50E /* RoutePreviewBarView.swift */ = {isa = PBXFileReference; lastKnownFileType = sourcecode.swift; path = RoutePreviewBarView.swift; sourceTree = "<group>"; };
		8845E53124A28959003FF50E /* RouteDetailLeftView.swift */ = {isa = PBXFileReference; lastKnownFileType = sourcecode.swift; path = RouteDetailLeftView.swift; sourceTree = "<group>"; };
		8845E53324A36722003FF50E /* house.gpx */ = {isa = PBXFileReference; lastKnownFileType = text.xml; path = house.gpx; sourceTree = "<group>"; };
		8845E53424A36B13003FF50E /* miaschool.gpx */ = {isa = PBXFileReference; lastKnownFileType = text.xml; path = miaschool.gpx; sourceTree = "<group>"; };
		8845E53524A36B23003FF50E /* gileumNewtown.gpx */ = {isa = PBXFileReference; lastKnownFileType = text.xml; path = gileumNewtown.gpx; sourceTree = "<group>"; };
		8845E53624A36B34003FF50E /* gileum.gpx */ = {isa = PBXFileReference; lastKnownFileType = text.xml; path = gileum.gpx; sourceTree = "<group>"; };
		8845E53724A36B45003FF50E /* dong4.gpx */ = {isa = PBXFileReference; lastKnownFileType = text.xml; path = dong4.gpx; sourceTree = "<group>"; };
		8845E53824A36B5D003FF50E /* dong2.gpx */ = {isa = PBXFileReference; lastKnownFileType = text.xml; path = dong2.gpx; sourceTree = "<group>"; };
		8845E53924A371F4003FF50E /* hanyangStation.gpx */ = {isa = PBXFileReference; lastKnownFileType = text.xml; path = hanyangStation.gpx; sourceTree = "<group>"; };
		8845E53A24A37202003FF50E /* hanyangSchool.gpx */ = {isa = PBXFileReference; lastKnownFileType = text.xml; path = hanyangSchool.gpx; sourceTree = "<group>"; };
		8854103024790AB50024D065 /* MetroFavoritesTableViewController.swift */ = {isa = PBXFileReference; lastKnownFileType = sourcecode.swift; path = MetroFavoritesTableViewController.swift; sourceTree = "<group>"; };
		8854103524790B4F0024D065 /* TrainsCell.swift */ = {isa = PBXFileReference; lastKnownFileType = sourcecode.swift; path = TrainsCell.swift; sourceTree = "<group>"; };
		885EC934248E874100D06648 /* BusSettingTableViewController.swift */ = {isa = PBXFileReference; lastKnownFileType = sourcecode.swift; path = BusSettingTableViewController.swift; sourceTree = "<group>"; };
		8868ED96249122E300468AF8 /* RouteSearchingParentsViewController.swift */ = {isa = PBXFileReference; lastKnownFileType = sourcecode.swift; path = RouteSearchingParentsViewController.swift; sourceTree = "<group>"; };
		8868ED98249129B600468AF8 /* RouteSearchBarsViewController.swift */ = {isa = PBXFileReference; lastKnownFileType = sourcecode.swift; path = RouteSearchBarsViewController.swift; sourceTree = "<group>"; };
		8868ED9A24912B0600468AF8 /* extensions.swift */ = {isa = PBXFileReference; lastKnownFileType = sourcecode.swift; path = extensions.swift; sourceTree = "<group>"; };
		886955F4248FD3A50019FD45 /* BusListSettingViewController.swift */ = {isa = PBXFileReference; lastKnownFileType = sourcecode.swift; path = BusListSettingViewController.swift; sourceTree = "<group>"; };
		8878D60A2488C6A5005E3715 /* BusListSettingParentsViewController.swift */ = {isa = PBXFileReference; lastKnownFileType = sourcecode.swift; path = BusListSettingParentsViewController.swift; sourceTree = "<group>"; };
		8878D60C2488C6C5005E3715 /* BusListSettingTableViewController.swift */ = {isa = PBXFileReference; lastKnownFileType = sourcecode.swift; path = BusListSettingTableViewController.swift; sourceTree = "<group>"; };
		8878D60E2488C70D005E3715 /* BusListCell.swift */ = {isa = PBXFileReference; lastKnownFileType = sourcecode.swift; path = BusListCell.swift; sourceTree = "<group>"; };
		88AD8D5D247ECA5F0048891E /* MetroSettingTableViewController.swift */ = {isa = PBXFileReference; lastKnownFileType = sourcecode.swift; path = MetroSettingTableViewController.swift; sourceTree = "<group>"; };
		88AD8D5F247ECAC00048891E /* MetroSettingCell.swift */ = {isa = PBXFileReference; lastKnownFileType = sourcecode.swift; path = MetroSettingCell.swift; sourceTree = "<group>"; };
		88AD8D61247F88DC0048891E /* RouteSearchResulrTableViewController.swift */ = {isa = PBXFileReference; lastKnownFileType = sourcecode.swift; path = RouteSearchResulrTableViewController.swift; sourceTree = "<group>"; };
		88AD8D63247F89AB0048891E /* RecommendCustomRouteCell.swift */ = {isa = PBXFileReference; lastKnownFileType = sourcecode.swift; path = RecommendCustomRouteCell.swift; sourceTree = "<group>"; };
		88AD8D65247F8F790048891E /* BusStopAdditionTableViewController.swift */ = {isa = PBXFileReference; lastKnownFileType = sourcecode.swift; path = BusStopAdditionTableViewController.swift; sourceTree = "<group>"; };
		88AD8D67247F8FFD0048891E /* BusStopAdditionCell.swift */ = {isa = PBXFileReference; lastKnownFileType = sourcecode.swift; path = BusStopAdditionCell.swift; sourceTree = "<group>"; };
		88D12B78245309A400B28C12 /* AlarmMap.app */ = {isa = PBXFileReference; explicitFileType = wrapper.application; includeInIndex = 0; path = AlarmMap.app; sourceTree = BUILT_PRODUCTS_DIR; };
		88D12B7B245309A400B28C12 /* AppDelegate.swift */ = {isa = PBXFileReference; lastKnownFileType = sourcecode.swift; path = AppDelegate.swift; sourceTree = "<group>"; };
		88D12B7D245309A400B28C12 /* SceneDelegate.swift */ = {isa = PBXFileReference; lastKnownFileType = sourcecode.swift; path = SceneDelegate.swift; sourceTree = "<group>"; };
		88D12B82245309A400B28C12 /* Base */ = {isa = PBXFileReference; lastKnownFileType = file.storyboard; name = Base; path = Base.lproj/Main.storyboard; sourceTree = "<group>"; };
		88D12B84245309A600B28C12 /* Assets.xcassets */ = {isa = PBXFileReference; lastKnownFileType = folder.assetcatalog; path = Assets.xcassets; sourceTree = "<group>"; };
		88D12B87245309A600B28C12 /* Base */ = {isa = PBXFileReference; lastKnownFileType = file.storyboard; name = Base; path = Base.lproj/LaunchScreen.storyboard; sourceTree = "<group>"; };
		88D12B89245309A600B28C12 /* Info.plist */ = {isa = PBXFileReference; lastKnownFileType = text.plist.xml; path = Info.plist; sourceTree = "<group>"; };
		88D2D2842491F3A600483196 /* LocationSearchResultCell.swift */ = {isa = PBXFileReference; lastKnownFileType = sourcecode.swift; path = LocationSearchResultCell.swift; sourceTree = "<group>"; };
		88D64A1A24A08EB200CA65FB /* dummyRoutes.swift */ = {isa = PBXFileReference; lastKnownFileType = sourcecode.swift; path = dummyRoutes.swift; sourceTree = "<group>"; };
		88D64A1C24A0D7B700CA65FB /* PathFindingTableViewController.swift */ = {isa = PBXFileReference; lastKnownFileType = sourcecode.swift; path = PathFindingTableViewController.swift; sourceTree = "<group>"; };
		88D64A1E24A0D84C00CA65FB /* PathFindingTitleCell.swift */ = {isa = PBXFileReference; lastKnownFileType = sourcecode.swift; path = PathFindingTitleCell.swift; sourceTree = "<group>"; };
		88E271F02477ADFA008D49F6 /* AlarmData.swift */ = {isa = PBXFileReference; lastKnownFileType = sourcecode.swift; path = AlarmData.swift; sourceTree = "<group>"; };
		88E271F22477BC37008D49F6 /* RouteListCell2.swift */ = {isa = PBXFileReference; lastKnownFileType = sourcecode.swift; path = RouteListCell2.swift; sourceTree = "<group>"; };
		88E271F62477C516008D49F6 /* RouteAlarmListTableViewController.swift */ = {isa = PBXFileReference; lastKnownFileType = sourcecode.swift; path = RouteAlarmListTableViewController.swift; sourceTree = "<group>"; };
		88E271F82477CB3D008D49F6 /* RouteAlarmCell.swift */ = {isa = PBXFileReference; lastKnownFileType = sourcecode.swift; path = RouteAlarmCell.swift; sourceTree = "<group>"; };
		88E8E8DC247A5D5B001CEF2F /* BusSettingCell.swift */ = {isa = PBXFileReference; lastKnownFileType = sourcecode.swift; path = BusSettingCell.swift; sourceTree = "<group>"; };
		88F82FFB249DE99B003A070D /* RouteSearchResultCell.swift */ = {isa = PBXFileReference; lastKnownFileType = sourcecode.swift; path = RouteSearchResultCell.swift; sourceTree = "<group>"; };
		9D6D32D83FDE7E3604DD5DDB /* Pods_AlarmMap.framework */ = {isa = PBXFileReference; explicitFileType = wrapper.framework; includeInIndex = 0; path = Pods_AlarmMap.framework; sourceTree = BUILT_PRODUCTS_DIR; };
		A2C1C5741C5EBC09B75F4BDF /* Pods-AlarmMap.release.xcconfig */ = {isa = PBXFileReference; includeInIndex = 1; lastKnownFileType = text.xcconfig; name = "Pods-AlarmMap.release.xcconfig"; path = "Target Support Files/Pods-AlarmMap/Pods-AlarmMap.release.xcconfig"; sourceTree = "<group>"; };
/* End PBXFileReference section */

/* Begin PBXFrameworksBuildPhase section */
		88D12B75245309A400B28C12 /* Frameworks */ = {
			isa = PBXFrameworksBuildPhase;
			buildActionMask = 2147483647;
			files = (
				4EE2AD52249FCD6F008170E9 /* ODsaySDK.framework in Frameworks */,
				AD09590442F9F0EF6AB8DEC5 /* Pods_AlarmMap.framework in Frameworks */,
			);
			runOnlyForDeploymentPostprocessing = 0;
		};
/* End PBXFrameworksBuildPhase section */

/* Begin PBXGroup section */
		21CEF89D81D50F8E429C8C98 /* Frameworks */ = {
			isa = PBXGroup;
			children = (
				4EE2AD51249FCD6F008170E9 /* ODsaySDK.framework */,
				9D6D32D83FDE7E3604DD5DDB /* Pods_AlarmMap.framework */,
			);
			name = Frameworks;
			sourceTree = "<group>";
		};
		882C5BAE2478F5FC00E084C3 /* RouteListTab */ = {
			isa = PBXGroup;
			children = (
				8843E70B246E65CF002D9E7B /* RouteListTableViewController.swift */,
				8843E709246E65CE002D9E7B /* RouteListCell1.swift */,
				88E271F22477BC37008D49F6 /* RouteListCell2.swift */,
				4ECD021D24C44C74005E81FD /* RouteListEdittingTableViewController.swift */,
				8843E712246E65D2002D9E7B /* RouteSettingTableViewController.swift */,
				8868ED96249122E300468AF8 /* RouteSearchingParentsViewController.swift */,
				8868ED98249129B600468AF8 /* RouteSearchBarsViewController.swift */,
				88AD8D61247F88DC0048891E /* RouteSearchResulrTableViewController.swift */,
				88AD8D63247F89AB0048891E /* RecommendCustomRouteCell.swift */,
				88F82FFB249DE99B003A070D /* RouteSearchResultCell.swift */,
				883F3DE0249F3B4E00A86C25 /* RouteDetailInfoTableViewController.swift */,
				8845E53124A28959003FF50E /* RouteDetailLeftView.swift */,
				883F3DE2249F4C2900A86C25 /* RouteWalkCell.swift */,
				883F3DE8249F4C7700A86C25 /* RouteBusCell.swift */,
				883F3DEA249F4C8600A86C25 /* RouteMetroCell.swift */,
				883F3DE6249F4C6000A86C25 /* RouteEndCell.swift */,
				4EE2AD4F249FC5AF008170E9 /* LocationSearchAutoCompleteViewController.swift */,
				88E271F62477C516008D49F6 /* RouteAlarmListTableViewController.swift */,
				88E271F82477CB3D008D49F6 /* RouteAlarmCell.swift */,
				882C5BA82477D8C600E084C3 /* AlarmSettingTableViewController.swift */,
				8845E52F24A25452003FF50E /* RoutePreviewBarView.swift */,
				4EE2AD5624A2B3EC008170E9 /* CallRouteAPI.swift */,
				88D64A1924A08C9100CA65FB /* dummyViews */,
			);
			name = RouteListTab;
			sourceTree = "<group>";
		};
		882C5BAF2478F63900E084C3 /* Data */ = {
			isa = PBXGroup;
			children = (
				8845E53324A36722003FF50E /* house.gpx */,
				4E4D5E4624B6EE6C009FA977 /* haksa.gpx */,
				8845E53424A36B13003FF50E /* miaschool.gpx */,
				8845E53524A36B23003FF50E /* gileumNewtown.gpx */,
				8845E53624A36B34003FF50E /* gileum.gpx */,
				8845E53724A36B45003FF50E /* dong4.gpx */,
				8845E53824A36B5D003FF50E /* dong2.gpx */,
				8845E53924A371F4003FF50E /* hanyangStation.gpx */,
				8845E53A24A37202003FF50E /* hanyangSchool.gpx */,
				88E271F02477ADFA008D49F6 /* AlarmData.swift */,
				8843E713246E65D2002D9E7B /* MetroData.swift */,
				8843E710246E65D1002D9E7B /* BusData.swift */,
				8843E70E246E65D0002D9E7B /* RouteData.swift */,
				4EDE73FF247F933200847707 /* APIData.swift */,
				6D500937248E6BA00057F6A6 /* LocationManagerTabBarController.swift */,
				6D500939248E6BA80057F6A6 /* LocalNotificationManager.swift */,
				8868ED9A24912B0600468AF8 /* extensions.swift */,
				88D64A1A24A08EB200CA65FB /* dummyRoutes.swift */,
			);
			name = Data;
			sourceTree = "<group>";
		};
		8845E52624A1A700003FF50E /* PathFindingTab */ = {
			isa = PBXGroup;
			children = (
				8845E52924A1C018003FF50E /* PathFindingParentsViewController.swift */,
				88D64A1C24A0D7B700CA65FB /* PathFindingTableViewController.swift */,
				88D64A1E24A0D84C00CA65FB /* PathFindingTitleCell.swift */,
				8845E52D24A23695003FF50E /* PathEndPointCell.swift */,
				8845E52724A1AB3B003FF50E /* PathSelectTableViewController.swift */,
			);
			name = PathFindingTab;
			sourceTree = "<group>";
		};
		8854103224790AEA0024D065 /* BusFavoritesTab */ = {
			isa = PBXGroup;
			children = (
				882C5BAA2478F58B00E084C3 /* BusFavoritesTableViewController.swift */,
				8843E70D246E65CF002D9E7B /* BusStopCell.swift */,
				8843E714246E65D3002D9E7B /* BusCell.swift */,
				8878D60A2488C6A5005E3715 /* BusListSettingParentsViewController.swift */,
				886955F4248FD3A50019FD45 /* BusListSettingViewController.swift */,
				8878D60C2488C6C5005E3715 /* BusListSettingTableViewController.swift */,
				8878D60E2488C70D005E3715 /* BusListCell.swift */,
				885EC934248E874100D06648 /* BusSettingTableViewController.swift */,
				88E8E8DC247A5D5B001CEF2F /* BusSettingCell.swift */,
				88AD8D65247F8F790048891E /* BusStopAdditionTableViewController.swift */,
				88AD8D67247F8FFD0048891E /* BusStopAdditionCell.swift */,
				4EDE74212480F1A600847707 /* CallBusAPI.swift */,
			);
			name = BusFavoritesTab;
			sourceTree = "<group>";
		};
		88D12B6F245309A400B28C12 = {
			isa = PBXGroup;
			children = (
				88D12B7A245309A400B28C12 /* AlarmMap */,
				88D12B79245309A400B28C12 /* Products */,
				E09961E69564D9675420A36C /* Pods */,
				21CEF89D81D50F8E429C8C98 /* Frameworks */,
			);
			sourceTree = "<group>";
		};
		88D12B79245309A400B28C12 /* Products */ = {
			isa = PBXGroup;
			children = (
				88D12B78245309A400B28C12 /* AlarmMap.app */,
			);
			name = Products;
			sourceTree = "<group>";
		};
		88D12B7A245309A400B28C12 /* AlarmMap */ = {
			isa = PBXGroup;
			children = (
				88D12B7B245309A400B28C12 /* AppDelegate.swift */,
				88D12B7D245309A400B28C12 /* SceneDelegate.swift */,
				88D12B81245309A400B28C12 /* Main.storyboard */,
				8843E727246E66EC002D9E7B /* PathFinding.storyboard */,
				8843E723246E66B8002D9E7B /* MetroFavorites.storyboard */,
				8843E725246E66C8002D9E7B /* BusFavorites.storyboard */,
				8843E729246E6718002D9E7B /* RouteList.storyboard */,
				88D12B86245309A600B28C12 /* LaunchScreen.storyboard */,
				88D12B84245309A600B28C12 /* Assets.xcassets */,
				8845E52624A1A700003FF50E /* PathFindingTab */,
				88E8E8D9247A53D5001CEF2F /* MetroFavoritesTab */,
				8854103224790AEA0024D065 /* BusFavoritesTab */,
				882C5BAE2478F5FC00E084C3 /* RouteListTab */,
				882C5BAF2478F63900E084C3 /* Data */,
				88D12B89245309A600B28C12 /* Info.plist */,
				4EE2AD55249FCE02008170E9 /* ODsaySDKSampleSwift_Swift_h.h */,
			);
			path = AlarmMap;
			sourceTree = "<group>";
		};
		88D64A1924A08C9100CA65FB /* dummyViews */ = {
			isa = PBXGroup;
			children = (
				882E23712491370C00564D3D /* LocationSearchParentsViewController.swift */,
				882E23732491372D00564D3D /* LocationSearchBarViewController.swift */,
				882E23752491374200564D3D /* LocationSearchResultTableViewController.swift */,
				88D2D2842491F3A600483196 /* LocationSearchResultCell.swift */,
			);
			name = dummyViews;
			sourceTree = "<group>";
		};
		88E8E8D9247A53D5001CEF2F /* MetroFavoritesTab */ = {
			isa = PBXGroup;
			children = (
				8854103024790AB50024D065 /* MetroFavoritesTableViewController.swift */,
				4EE2AD22248D6A7C008170E9 /* MetroStationCell.swift */,
				8854103524790B4F0024D065 /* TrainsCell.swift */,
				88AD8D5D247ECA5F0048891E /* MetroSettingTableViewController.swift */,
				88AD8D5F247ECAC00048891E /* MetroSettingCell.swift */,
				4EE2AD20248D6A24008170E9 /* MetroStationAdditionTableViewController.swift */,
				4EE2AD24248D6DCD008170E9 /* MetroStationAdditionCell.swift */,
				4EE2ACFA24856408008170E9 /* CallMetroAPI.swift */,
			);
			name = MetroFavoritesTab;
			sourceTree = "<group>";
		};
		E09961E69564D9675420A36C /* Pods */ = {
			isa = PBXGroup;
			children = (
				51A1AF4B42506774E32DC39D /* Pods-AlarmMap.debug.xcconfig */,
				A2C1C5741C5EBC09B75F4BDF /* Pods-AlarmMap.release.xcconfig */,
			);
			path = Pods;
			sourceTree = "<group>";
		};
/* End PBXGroup section */

/* Begin PBXNativeTarget section */
		88D12B77245309A400B28C12 /* AlarmMap */ = {
			isa = PBXNativeTarget;
			buildConfigurationList = 88D12B8C245309A600B28C12 /* Build configuration list for PBXNativeTarget "AlarmMap" */;
			buildPhases = (
				B4FEE78D5608E377B06A8CB9 /* [CP] Check Pods Manifest.lock */,
				88D12B74245309A400B28C12 /* Sources */,
				88D12B75245309A400B28C12 /* Frameworks */,
				88D12B76245309A400B28C12 /* Resources */,
				EE235AD4F9B3861887C0C06C /* [CP] Embed Pods Frameworks */,
				852980CB7C286EA3CEBF68EB /* [CP] Copy Pods Resources */,
				4EE2AD54249FCD6F008170E9 /* Embed Frameworks */,
			);
			buildRules = (
			);
			dependencies = (
			);
			name = AlarmMap;
			productName = AlarmMap;
			productReference = 88D12B78245309A400B28C12 /* AlarmMap.app */;
			productType = "com.apple.product-type.application";
		};
/* End PBXNativeTarget section */

/* Begin PBXProject section */
		88D12B70245309A400B28C12 /* Project object */ = {
			isa = PBXProject;
			attributes = {
				LastSwiftUpdateCheck = 1140;
				LastUpgradeCheck = 1140;
				ORGANIZATIONNAME = AalrmMapCompany;
				TargetAttributes = {
					88D12B77245309A400B28C12 = {
						CreatedOnToolsVersion = 11.4.1;
					};
				};
			};
			buildConfigurationList = 88D12B73245309A400B28C12 /* Build configuration list for PBXProject "AlarmMap" */;
			compatibilityVersion = "Xcode 9.3";
			developmentRegion = en;
			hasScannedForEncodings = 0;
			knownRegions = (
				en,
				Base,
			);
			mainGroup = 88D12B6F245309A400B28C12;
			productRefGroup = 88D12B79245309A400B28C12 /* Products */;
			projectDirPath = "";
			projectRoot = "";
			targets = (
				88D12B77245309A400B28C12 /* AlarmMap */,
			);
		};
/* End PBXProject section */

/* Begin PBXResourcesBuildPhase section */
		88D12B76245309A400B28C12 /* Resources */ = {
			isa = PBXResourcesBuildPhase;
			buildActionMask = 2147483647;
			files = (
				8843E724246E66B8002D9E7B /* MetroFavorites.storyboard in Resources */,
				88D12B88245309A600B28C12 /* LaunchScreen.storyboard in Resources */,
				88D12B85245309A600B28C12 /* Assets.xcassets in Resources */,
				88D12B83245309A400B28C12 /* Main.storyboard in Resources */,
				8843E726246E66C8002D9E7B /* BusFavorites.storyboard in Resources */,
				8843E72A246E6719002D9E7B /* RouteList.storyboard in Resources */,
				8843E728246E66EC002D9E7B /* PathFinding.storyboard in Resources */,
			);
			runOnlyForDeploymentPostprocessing = 0;
		};
/* End PBXResourcesBuildPhase section */

/* Begin PBXShellScriptBuildPhase section */
		852980CB7C286EA3CEBF68EB /* [CP] Copy Pods Resources */ = {
			isa = PBXShellScriptBuildPhase;
			buildActionMask = 2147483647;
			files = (
			);
			inputFileListPaths = (
				"${PODS_ROOT}/Target Support Files/Pods-AlarmMap/Pods-AlarmMap-resources-${CONFIGURATION}-input-files.xcfilelist",
			);
			name = "[CP] Copy Pods Resources";
			outputFileListPaths = (
				"${PODS_ROOT}/Target Support Files/Pods-AlarmMap/Pods-AlarmMap-resources-${CONFIGURATION}-output-files.xcfilelist",
			);
			runOnlyForDeploymentPostprocessing = 0;
			shellPath = /bin/sh;
			shellScript = "\"${PODS_ROOT}/Target Support Files/Pods-AlarmMap/Pods-AlarmMap-resources.sh\"\n";
			showEnvVarsInLog = 0;
		};
		B4FEE78D5608E377B06A8CB9 /* [CP] Check Pods Manifest.lock */ = {
			isa = PBXShellScriptBuildPhase;
			buildActionMask = 2147483647;
			files = (
			);
			inputFileListPaths = (
			);
			inputPaths = (
				"${PODS_PODFILE_DIR_PATH}/Podfile.lock",
				"${PODS_ROOT}/Manifest.lock",
			);
			name = "[CP] Check Pods Manifest.lock";
			outputFileListPaths = (
			);
			outputPaths = (
				"$(DERIVED_FILE_DIR)/Pods-AlarmMap-checkManifestLockResult.txt",
			);
			runOnlyForDeploymentPostprocessing = 0;
			shellPath = /bin/sh;
			shellScript = "diff \"${PODS_PODFILE_DIR_PATH}/Podfile.lock\" \"${PODS_ROOT}/Manifest.lock\" > /dev/null\nif [ $? != 0 ] ; then\n    # print error to STDERR\n    echo \"error: The sandbox is not in sync with the Podfile.lock. Run 'pod install' or update your CocoaPods installation.\" >&2\n    exit 1\nfi\n# This output is used by Xcode 'outputs' to avoid re-running this script phase.\necho \"SUCCESS\" > \"${SCRIPT_OUTPUT_FILE_0}\"\n";
			showEnvVarsInLog = 0;
		};
		EE235AD4F9B3861887C0C06C /* [CP] Embed Pods Frameworks */ = {
			isa = PBXShellScriptBuildPhase;
			buildActionMask = 2147483647;
			files = (
			);
			inputFileListPaths = (
				"${PODS_ROOT}/Target Support Files/Pods-AlarmMap/Pods-AlarmMap-frameworks-${CONFIGURATION}-input-files.xcfilelist",
			);
			name = "[CP] Embed Pods Frameworks";
			outputFileListPaths = (
				"${PODS_ROOT}/Target Support Files/Pods-AlarmMap/Pods-AlarmMap-frameworks-${CONFIGURATION}-output-files.xcfilelist",
			);
			runOnlyForDeploymentPostprocessing = 0;
			shellPath = /bin/sh;
			shellScript = "\"${PODS_ROOT}/Target Support Files/Pods-AlarmMap/Pods-AlarmMap-frameworks.sh\"\n";
			showEnvVarsInLog = 0;
		};
/* End PBXShellScriptBuildPhase section */

/* Begin PBXSourcesBuildPhase section */
		88D12B74245309A400B28C12 /* Sources */ = {
			isa = PBXSourcesBuildPhase;
			buildActionMask = 2147483647;
			files = (
				8868ED97249122E300468AF8 /* RouteSearchingParentsViewController.swift in Sources */,
				88E271F12477ADFA008D49F6 /* AlarmData.swift in Sources */,
				88D64A1B24A08EB200CA65FB /* dummyRoutes.swift in Sources */,
				8868ED99249129B600468AF8 /* RouteSearchBarsViewController.swift in Sources */,
				88AD8D62247F88DC0048891E /* RouteSearchResulrTableViewController.swift in Sources */,
				8843E71C246E65D3002D9E7B /* BusData.swift in Sources */,
				8854103124790AB50024D065 /* MetroFavoritesTableViewController.swift in Sources */,
				882E23722491370C00564D3D /* LocationSearchParentsViewController.swift in Sources */,
				88AD8D5E247ECA5F0048891E /* MetroSettingTableViewController.swift in Sources */,
				88AD8D64247F89AB0048891E /* RecommendCustomRouteCell.swift in Sources */,
				4EE2AD50249FC5AF008170E9 /* LocationSearchAutoCompleteViewController.swift in Sources */,
				8843E71A246E65D3002D9E7B /* RouteData.swift in Sources */,
				88AD8D68247F8FFD0048891E /* BusStopAdditionCell.swift in Sources */,
				4EDE7400247F933200847707 /* APIData.swift in Sources */,
				883F3DE3249F4C2900A86C25 /* RouteWalkCell.swift in Sources */,
				8878D60B2488C6A5005E3715 /* BusListSettingParentsViewController.swift in Sources */,
				88AD8D60247ECAC00048891E /* MetroSettingCell.swift in Sources */,
				8843E719246E65D3002D9E7B /* BusStopCell.swift in Sources */,
				88D2D2852491F3A600483196 /* LocationSearchResultCell.swift in Sources */,
				8843E71F246E65D3002D9E7B /* MetroData.swift in Sources */,
				88D64A1D24A0D7B700CA65FB /* PathFindingTableViewController.swift in Sources */,
				883F3DE1249F3B4E00A86C25 /* RouteDetailInfoTableViewController.swift in Sources */,
				6D50093A248E6BA80057F6A6 /* LocalNotificationManager.swift in Sources */,
				8878D60D2488C6C5005E3715 /* BusListSettingTableViewController.swift in Sources */,
				88E271F72477C516008D49F6 /* RouteAlarmListTableViewController.swift in Sources */,
				4EE2AD23248D6A7C008170E9 /* MetroStationCell.swift in Sources */,
				8845E52824A1AB3B003FF50E /* PathSelectTableViewController.swift in Sources */,
				4EE2AD25248D6DCD008170E9 /* MetroStationAdditionCell.swift in Sources */,
				8843E715246E65D3002D9E7B /* RouteListCell1.swift in Sources */,
				88D64A1F24A0D84C00CA65FB /* PathFindingTitleCell.swift in Sources */,
				4EE2ACFB24856408008170E9 /* CallMetroAPI.swift in Sources */,
				886955F5248FD3A50019FD45 /* BusListSettingViewController.swift in Sources */,
				882C5BAB2478F58B00E084C3 /* BusFavoritesTableViewController.swift in Sources */,
				8845E52A24A1C018003FF50E /* PathFindingParentsViewController.swift in Sources */,
				8878D60F2488C70D005E3715 /* BusListCell.swift in Sources */,
				88AD8D66247F8F790048891E /* BusStopAdditionTableViewController.swift in Sources */,
				883F3DE9249F4C7700A86C25 /* RouteBusCell.swift in Sources */,
				4EE2AD21248D6A24008170E9 /* MetroStationAdditionTableViewController.swift in Sources */,
				8843E720246E65D3002D9E7B /* BusCell.swift in Sources */,
				4EE2AD5724A2B3EC008170E9 /* CallRouteAPI.swift in Sources */,
				88D12B7C245309A400B28C12 /* AppDelegate.swift in Sources */,
				88D12B7E245309A400B28C12 /* SceneDelegate.swift in Sources */,
				8868ED9B24912B0600468AF8 /* extensions.swift in Sources */,
				88E271F92477CB3D008D49F6 /* RouteAlarmCell.swift in Sources */,
				6D500938248E6BA00057F6A6 /* LocationManagerTabBarController.swift in Sources */,
				88E271F32477BC37008D49F6 /* RouteListCell2.swift in Sources */,
				883F3DE7249F4C6000A86C25 /* RouteEndCell.swift in Sources */,
				8845E53024A25452003FF50E /* RoutePreviewBarView.swift in Sources */,
				8843E717246E65D3002D9E7B /* RouteListTableViewController.swift in Sources */,
				8845E53224A28959003FF50E /* RouteDetailLeftView.swift in Sources */,
				882C5BA92477D8C600E084C3 /* AlarmSettingTableViewController.swift in Sources */,
				885EC935248E874100D06648 /* BusSettingTableViewController.swift in Sources */,
				8845E52E24A23695003FF50E /* PathEndPointCell.swift in Sources */,
				4ECD021E24C44C75005E81FD /* RouteListEdittingTableViewController.swift in Sources */,
				882E23762491374200564D3D /* LocationSearchResultTableViewController.swift in Sources */,
				88F82FFC249DE99B003A070D /* RouteSearchResultCell.swift in Sources */,
				8854103624790B4F0024D065 /* TrainsCell.swift in Sources */,
				883F3DEB249F4C8600A86C25 /* RouteMetroCell.swift in Sources */,
				8843E71E246E65D3002D9E7B /* RouteSettingTableViewController.swift in Sources */,
				88E8E8DD247A5D5B001CEF2F /* BusSettingCell.swift in Sources */,
				882E23742491372D00564D3D /* LocationSearchBarViewController.swift in Sources */,
				4EDE74222480F1A600847707 /* CallBusAPI.swift in Sources */,
			);
			runOnlyForDeploymentPostprocessing = 0;
		};
/* End PBXSourcesBuildPhase section */

/* Begin PBXVariantGroup section */
		88D12B81245309A400B28C12 /* Main.storyboard */ = {
			isa = PBXVariantGroup;
			children = (
				88D12B82245309A400B28C12 /* Base */,
			);
			name = Main.storyboard;
			sourceTree = "<group>";
		};
		88D12B86245309A600B28C12 /* LaunchScreen.storyboard */ = {
			isa = PBXVariantGroup;
			children = (
				88D12B87245309A600B28C12 /* Base */,
			);
			name = LaunchScreen.storyboard;
			sourceTree = "<group>";
		};
/* End PBXVariantGroup section */

/* Begin XCBuildConfiguration section */
		88D12B8A245309A600B28C12 /* Debug */ = {
			isa = XCBuildConfiguration;
			buildSettings = {
				ALWAYS_SEARCH_USER_PATHS = NO;
				CLANG_ANALYZER_NONNULL = YES;
				CLANG_ANALYZER_NUMBER_OBJECT_CONVERSION = YES_AGGRESSIVE;
				CLANG_CXX_LANGUAGE_STANDARD = "gnu++14";
				CLANG_CXX_LIBRARY = "libc++";
				CLANG_ENABLE_MODULES = YES;
				CLANG_ENABLE_OBJC_ARC = YES;
				CLANG_ENABLE_OBJC_WEAK = YES;
				CLANG_WARN_BLOCK_CAPTURE_AUTORELEASING = YES;
				CLANG_WARN_BOOL_CONVERSION = YES;
				CLANG_WARN_COMMA = YES;
				CLANG_WARN_CONSTANT_CONVERSION = YES;
				CLANG_WARN_DEPRECATED_OBJC_IMPLEMENTATIONS = YES;
				CLANG_WARN_DIRECT_OBJC_ISA_USAGE = YES_ERROR;
				CLANG_WARN_DOCUMENTATION_COMMENTS = YES;
				CLANG_WARN_EMPTY_BODY = YES;
				CLANG_WARN_ENUM_CONVERSION = YES;
				CLANG_WARN_INFINITE_RECURSION = YES;
				CLANG_WARN_INT_CONVERSION = YES;
				CLANG_WARN_NON_LITERAL_NULL_CONVERSION = YES;
				CLANG_WARN_OBJC_IMPLICIT_RETAIN_SELF = YES;
				CLANG_WARN_OBJC_LITERAL_CONVERSION = YES;
				CLANG_WARN_OBJC_ROOT_CLASS = YES_ERROR;
				CLANG_WARN_RANGE_LOOP_ANALYSIS = YES;
				CLANG_WARN_STRICT_PROTOTYPES = YES;
				CLANG_WARN_SUSPICIOUS_MOVE = YES;
				CLANG_WARN_UNGUARDED_AVAILABILITY = YES_AGGRESSIVE;
				CLANG_WARN_UNREACHABLE_CODE = YES;
				CLANG_WARN__DUPLICATE_METHOD_MATCH = YES;
				COPY_PHASE_STRIP = NO;
				DEBUG_INFORMATION_FORMAT = dwarf;
				ENABLE_STRICT_OBJC_MSGSEND = YES;
				ENABLE_TESTABILITY = YES;
				GCC_C_LANGUAGE_STANDARD = gnu11;
				GCC_DYNAMIC_NO_PIC = NO;
				GCC_NO_COMMON_BLOCKS = YES;
				GCC_OPTIMIZATION_LEVEL = 0;
				GCC_PREPROCESSOR_DEFINITIONS = (
					"DEBUG=1",
					"$(inherited)",
				);
				GCC_WARN_64_TO_32_BIT_CONVERSION = YES;
				GCC_WARN_ABOUT_RETURN_TYPE = YES_ERROR;
				GCC_WARN_UNDECLARED_SELECTOR = YES;
				GCC_WARN_UNINITIALIZED_AUTOS = YES_AGGRESSIVE;
				GCC_WARN_UNUSED_FUNCTION = YES;
				GCC_WARN_UNUSED_VARIABLE = YES;
				IPHONEOS_DEPLOYMENT_TARGET = 13.0;
				MTL_ENABLE_DEBUG_INFO = INCLUDE_SOURCE;
				MTL_FAST_MATH = YES;
				ONLY_ACTIVE_ARCH = YES;
				SDKROOT = iphoneos;
				SWIFT_ACTIVE_COMPILATION_CONDITIONS = DEBUG;
				SWIFT_OPTIMIZATION_LEVEL = "-Onone";
			};
			name = Debug;
		};
		88D12B8B245309A600B28C12 /* Release */ = {
			isa = XCBuildConfiguration;
			buildSettings = {
				ALWAYS_SEARCH_USER_PATHS = NO;
				CLANG_ANALYZER_NONNULL = YES;
				CLANG_ANALYZER_NUMBER_OBJECT_CONVERSION = YES_AGGRESSIVE;
				CLANG_CXX_LANGUAGE_STANDARD = "gnu++14";
				CLANG_CXX_LIBRARY = "libc++";
				CLANG_ENABLE_MODULES = YES;
				CLANG_ENABLE_OBJC_ARC = YES;
				CLANG_ENABLE_OBJC_WEAK = YES;
				CLANG_WARN_BLOCK_CAPTURE_AUTORELEASING = YES;
				CLANG_WARN_BOOL_CONVERSION = YES;
				CLANG_WARN_COMMA = YES;
				CLANG_WARN_CONSTANT_CONVERSION = YES;
				CLANG_WARN_DEPRECATED_OBJC_IMPLEMENTATIONS = YES;
				CLANG_WARN_DIRECT_OBJC_ISA_USAGE = YES_ERROR;
				CLANG_WARN_DOCUMENTATION_COMMENTS = YES;
				CLANG_WARN_EMPTY_BODY = YES;
				CLANG_WARN_ENUM_CONVERSION = YES;
				CLANG_WARN_INFINITE_RECURSION = YES;
				CLANG_WARN_INT_CONVERSION = YES;
				CLANG_WARN_NON_LITERAL_NULL_CONVERSION = YES;
				CLANG_WARN_OBJC_IMPLICIT_RETAIN_SELF = YES;
				CLANG_WARN_OBJC_LITERAL_CONVERSION = YES;
				CLANG_WARN_OBJC_ROOT_CLASS = YES_ERROR;
				CLANG_WARN_RANGE_LOOP_ANALYSIS = YES;
				CLANG_WARN_STRICT_PROTOTYPES = YES;
				CLANG_WARN_SUSPICIOUS_MOVE = YES;
				CLANG_WARN_UNGUARDED_AVAILABILITY = YES_AGGRESSIVE;
				CLANG_WARN_UNREACHABLE_CODE = YES;
				CLANG_WARN__DUPLICATE_METHOD_MATCH = YES;
				COPY_PHASE_STRIP = NO;
				DEBUG_INFORMATION_FORMAT = "dwarf-with-dsym";
				ENABLE_NS_ASSERTIONS = NO;
				ENABLE_STRICT_OBJC_MSGSEND = YES;
				GCC_C_LANGUAGE_STANDARD = gnu11;
				GCC_NO_COMMON_BLOCKS = YES;
				GCC_WARN_64_TO_32_BIT_CONVERSION = YES;
				GCC_WARN_ABOUT_RETURN_TYPE = YES_ERROR;
				GCC_WARN_UNDECLARED_SELECTOR = YES;
				GCC_WARN_UNINITIALIZED_AUTOS = YES_AGGRESSIVE;
				GCC_WARN_UNUSED_FUNCTION = YES;
				GCC_WARN_UNUSED_VARIABLE = YES;
				IPHONEOS_DEPLOYMENT_TARGET = 13.0;
				MTL_ENABLE_DEBUG_INFO = NO;
				MTL_FAST_MATH = YES;
				SDKROOT = iphoneos;
				SWIFT_COMPILATION_MODE = wholemodule;
				SWIFT_OPTIMIZATION_LEVEL = "-O";
				VALIDATE_PRODUCT = YES;
			};
			name = Release;
		};
		88D12B8D245309A600B28C12 /* Debug */ = {
			isa = XCBuildConfiguration;
			baseConfigurationReference = 51A1AF4B42506774E32DC39D /* Pods-AlarmMap.debug.xcconfig */;
			buildSettings = {
				ASSETCATALOG_COMPILER_APPICON_NAME = AppIcon;
				CODE_SIGN_STYLE = Automatic;
				DEVELOPMENT_TEAM = XQCGHM76TN;
				FRAMEWORK_SEARCH_PATHS = (
					"$(inherited)",
					"$(PROJECT_DIR)",
				);
				INFOPLIST_FILE = AlarmMap/Info.plist;
				LD_RUNPATH_SEARCH_PATHS = (
					"$(inherited)",
					"@executable_path/Frameworks",
				);
				PRODUCT_BUNDLE_IDENTIFIER = com.AlarmMap;
				PRODUCT_NAME = "$(TARGET_NAME)";
				SWIFT_OBJC_BRIDGING_HEADER = AlarmMap/ODsaySDKSampleSwift_Swift_h.h;
				SWIFT_VERSION = 5.0;
				TARGETED_DEVICE_FAMILY = "1,2";
			};
			name = Debug;
		};
		88D12B8E245309A600B28C12 /* Release */ = {
			isa = XCBuildConfiguration;
			baseConfigurationReference = A2C1C5741C5EBC09B75F4BDF /* Pods-AlarmMap.release.xcconfig */;
			buildSettings = {
				ASSETCATALOG_COMPILER_APPICON_NAME = AppIcon;
				CODE_SIGN_STYLE = Automatic;
				DEVELOPMENT_TEAM = XQCGHM76TN;
				FRAMEWORK_SEARCH_PATHS = (
					"$(inherited)",
					"$(PROJECT_DIR)",
				);
				INFOPLIST_FILE = AlarmMap/Info.plist;
				LD_RUNPATH_SEARCH_PATHS = (
					"$(inherited)",
					"@executable_path/Frameworks",
				);
				PRODUCT_BUNDLE_IDENTIFIER = com.AlarmMap;
				PRODUCT_NAME = "$(TARGET_NAME)";
				SWIFT_OBJC_BRIDGING_HEADER = AlarmMap/ODsaySDKSampleSwift_Swift_h.h;
				SWIFT_VERSION = 5.0;
				TARGETED_DEVICE_FAMILY = "1,2";
			};
			name = Release;
		};
/* End XCBuildConfiguration section */

/* Begin XCConfigurationList section */
		88D12B73245309A400B28C12 /* Build configuration list for PBXProject "AlarmMap" */ = {
			isa = XCConfigurationList;
			buildConfigurations = (
				88D12B8A245309A600B28C12 /* Debug */,
				88D12B8B245309A600B28C12 /* Release */,
			);
			defaultConfigurationIsVisible = 0;
			defaultConfigurationName = Release;
		};
		88D12B8C245309A600B28C12 /* Build configuration list for PBXNativeTarget "AlarmMap" */ = {
			isa = XCConfigurationList;
			buildConfigurations = (
				88D12B8D245309A600B28C12 /* Debug */,
				88D12B8E245309A600B28C12 /* Release */,
			);
			defaultConfigurationIsVisible = 0;
			defaultConfigurationName = Release;
		};
/* End XCConfigurationList section */
	};
	rootObject = 88D12B70245309A400B28C12 /* Project object */;
}
