// !$*UTF8*$!
{
	archiveVersion = 1;
	classes = {
	};
	objectVersion = 50;
	objects = {

/* Begin PBXBuildFile section */
		4E0C5C0D245C17DA00A0F451 /* SubwayViewController.swift in Sources */ = {isa = PBXBuildFile; fileRef = 4E0C5C0C245C17DA00A0F451 /* SubwayViewController.swift */; };
		4E0C5C0F245C17EB00A0F451 /* PathViewController.swift in Sources */ = {isa = PBXBuildFile; fileRef = 4E0C5C0E245C17EB00A0F451 /* PathViewController.swift */; };
		88D12B7C245309A400B28C12 /* AppDelegate.swift in Sources */ = {isa = PBXBuildFile; fileRef = 88D12B7B245309A400B28C12 /* AppDelegate.swift */; };
		88D12B7E245309A400B28C12 /* SceneDelegate.swift in Sources */ = {isa = PBXBuildFile; fileRef = 88D12B7D245309A400B28C12 /* SceneDelegate.swift */; };
		88D12B80245309A400B28C12 /* BusViewController.swift in Sources */ = {isa = PBXBuildFile; fileRef = 88D12B7F245309A400B28C12 /* BusViewController.swift */; };
		88D12B83245309A400B28C12 /* Main.storyboard in Resources */ = {isa = PBXBuildFile; fileRef = 88D12B81245309A400B28C12 /* Main.storyboard */; };
		88D12B85245309A600B28C12 /* Assets.xcassets in Resources */ = {isa = PBXBuildFile; fileRef = 88D12B84245309A600B28C12 /* Assets.xcassets */; };
		88D12B88245309A600B28C12 /* LaunchScreen.storyboard in Resources */ = {isa = PBXBuildFile; fileRef = 88D12B86245309A600B28C12 /* LaunchScreen.storyboard */; };
/* End PBXBuildFile section */

/* Begin PBXFileReference section */
		4E0C5C0C245C17DA00A0F451 /* SubwayViewController.swift */ = {isa = PBXFileReference; lastKnownFileType = sourcecode.swift; path = SubwayViewController.swift; sourceTree = "<group>"; };
		4E0C5C0E245C17EB00A0F451 /* PathViewController.swift */ = {isa = PBXFileReference; lastKnownFileType = sourcecode.swift; path = PathViewController.swift; sourceTree = "<group>"; };
		88D12B78245309A400B28C12 /* AlarmMap.app */ = {isa = PBXFileReference; explicitFileType = wrapper.application; includeInIndex = 0; path = AlarmMap.app; sourceTree = BUILT_PRODUCTS_DIR; };
		88D12B7B245309A400B28C12 /* AppDelegate.swift */ = {isa = PBXFileReference; lastKnownFileType = sourcecode.swift; path = AppDelegate.swift; sourceTree = "<group>"; };
		88D12B7D245309A400B28C12 /* SceneDelegate.swift */ = {isa = PBXFileReference; lastKnownFileType = sourcecode.swift; path = SceneDelegate.swift; sourceTree = "<group>"; };
		88D12B7F245309A400B28C12 /* BusViewController.swift */ = {isa = PBXFileReference; lastKnownFileType = sourcecode.swift; path = BusViewController.swift; sourceTree = "<group>"; };
		88D12B82245309A400B28C12 /* Base */ = {isa = PBXFileReference; lastKnownFileType = file.storyboard; name = Base; path = Base.lproj/Main.storyboard; sourceTree = "<group>"; };
		88D12B84245309A600B28C12 /* Assets.xcassets */ = {isa = PBXFileReference; lastKnownFileType = folder.assetcatalog; path = Assets.xcassets; sourceTree = "<group>"; };
		88D12B87245309A600B28C12 /* Base */ = {isa = PBXFileReference; lastKnownFileType = file.storyboard; name = Base; path = Base.lproj/LaunchScreen.storyboard; sourceTree = "<group>"; };
		88D12B89245309A600B28C12 /* Info.plist */ = {isa = PBXFileReference; lastKnownFileType = text.plist.xml; path = Info.plist; sourceTree = "<group>"; };
/* End PBXFileReference section */

/* Begin PBXFrameworksBuildPhase section */
		88D12B75245309A400B28C12 /* Frameworks */ = {
			isa = PBXFrameworksBuildPhase;
			buildActionMask = 2147483647;
			files = (
			);
			runOnlyForDeploymentPostprocessing = 0;
		};
/* End PBXFrameworksBuildPhase section */

/* Begin PBXGroup section */
		88D12B6F245309A400B28C12 = {
			isa = PBXGroup;
			children = (
				88D12B7A245309A400B28C12 /* AlarmMap */,
				88D12B79245309A400B28C12 /* Products */,
			);
			sourceTree = "<group>";
		};
		88D12B79245309A400B28C12 /* Products */ = {
			isa = PBXGroup;
			children = (
				88D12B78245309A400B28C12 /* AlarmMap.app */,
			);
			name = Products;
			sourceTree = "<group>";
		};
		88D12B7A245309A400B28C12 /* AlarmMap */ = {
			isa = PBXGroup;
			children = (
				88D12B7B245309A400B28C12 /* AppDelegate.swift */,
				88D12B7D245309A400B28C12 /* SceneDelegate.swift */,
				88D12B7F245309A400B28C12 /* BusViewController.swift */,
				88D12B81245309A400B28C12 /* Main.storyboard */,
				88D12B84245309A600B28C12 /* Assets.xcassets */,
				88D12B86245309A600B28C12 /* LaunchScreen.storyboard */,
				88D12B89245309A600B28C12 /* Info.plist */,
				4E0C5C0C245C17DA00A0F451 /* SubwayViewController.swift */,
				4E0C5C0E245C17EB00A0F451 /* PathViewController.swift */,
			);
			path = AlarmMap;
			sourceTree = "<group>";
		};
/* End PBXGroup section */

/* Begin PBXNativeTarget section */
		88D12B77245309A400B28C12 /* AlarmMap */ = {
			isa = PBXNativeTarget;
			buildConfigurationList = 88D12B8C245309A600B28C12 /* Build configuration list for PBXNativeTarget "AlarmMap" */;
			buildPhases = (
				88D12B74245309A400B28C12 /* Sources */,
				88D12B75245309A400B28C12 /* Frameworks */,
				88D12B76245309A400B28C12 /* Resources */,
			);
			buildRules = (
			);
			dependencies = (
			);
			name = AlarmMap;
			productName = AlarmMap;
			productReference = 88D12B78245309A400B28C12 /* AlarmMap.app */;
			productType = "com.apple.product-type.application";
		};
/* End PBXNativeTarget section */

/* Begin PBXProject section */
		88D12B70245309A400B28C12 /* Project object */ = {
			isa = PBXProject;
			attributes = {
				LastSwiftUpdateCheck = 1140;
				LastUpgradeCheck = 1140;
				ORGANIZATIONNAME = AalrmMapCompany;
				TargetAttributes = {
					88D12B77245309A400B28C12 = {
						CreatedOnToolsVersion = 11.4.1;
					};
				};
			};
			buildConfigurationList = 88D12B73245309A400B28C12 /* Build configuration list for PBXProject "AlarmMap" */;
			compatibilityVersion = "Xcode 9.3";
			developmentRegion = en;
			hasScannedForEncodings = 0;
			knownRegions = (
				en,
				Base,
			);
			mainGroup = 88D12B6F245309A400B28C12;
			productRefGroup = 88D12B79245309A400B28C12 /* Products */;
			projectDirPath = "";
			projectRoot = "";
			targets = (
				88D12B77245309A400B28C12 /* AlarmMap */,
			);
		};
/* End PBXProject section */

/* Begin PBXResourcesBuildPhase section */
		88D12B76245309A400B28C12 /* Resources */ = {
			isa = PBXResourcesBuildPhase;
			buildActionMask = 2147483647;
			files = (
				88D12B88245309A600B28C12 /* LaunchScreen.storyboard in Resources */,
				88D12B85245309A600B28C12 /* Assets.xcassets in Resources */,
				88D12B83245309A400B28C12 /* Main.storyboard in Resources */,
			);
			runOnlyForDeploymentPostprocessing = 0;
		};
/* End PBXResourcesBuildPhase section */

/* Begin PBXSourcesBuildPhase section */
		88D12B74245309A400B28C12 /* Sources */ = {
			isa = PBXSourcesBuildPhase;
			buildActionMask = 2147483647;
			files = (
				88D12B80245309A400B28C12 /* BusViewController.swift in Sources */,
				88D12B7C245309A400B28C12 /* AppDelegate.swift in Sources */,
				88D12B7E245309A400B28C12 /* SceneDelegate.swift in Sources */,
				4E0C5C0D245C17DA00A0F451 /* SubwayViewController.swift in Sources */,
				4E0C5C0F245C17EB00A0F451 /* PathViewController.swift in Sources */,
			);
			runOnlyForDeploymentPostprocessing = 0;
		};
/* End PBXSourcesBuildPhase section */

/* Begin PBXVariantGroup section */
		88D12B81245309A400B28C12 /* Main.storyboard */ = {
			isa = PBXVariantGroup;
			children = (
				88D12B82245309A400B28C12 /* Base */,
			);
			name = Main.storyboard;
			sourceTree = "<group>";
		};
		88D12B86245309A600B28C12 /* LaunchScreen.storyboard */ = {
			isa = PBXVariantGroup;
			children = (
				88D12B87245309A600B28C12 /* Base */,
			);
			name = LaunchScreen.storyboard;
			sourceTree = "<group>";
		};
/* End PBXVariantGroup section */

/* Begin XCBuildConfiguration section */
		88D12B8A245309A600B28C12 /* Debug */ = {
			isa = XCBuildConfiguration;
			buildSettings = {
				ALWAYS_SEARCH_USER_PATHS = NO;
				CLANG_ANALYZER_NONNULL = YES;
				CLANG_ANALYZER_NUMBER_OBJECT_CONVERSION = YES_AGGRESSIVE;
				CLANG_CXX_LANGUAGE_STANDARD = "gnu++14";
				CLANG_CXX_LIBRARY = "libc++";
				CLANG_ENABLE_MODULES = YES;
				CLANG_ENABLE_OBJC_ARC = YES;
				CLANG_ENABLE_OBJC_WEAK = YES;
				CLANG_WARN_BLOCK_CAPTURE_AUTORELEASING = YES;
				CLANG_WARN_BOOL_CONVERSION = YES;
				CLANG_WARN_COMMA = YES;
				CLANG_WARN_CONSTANT_CONVERSION = YES;
				CLANG_WARN_DEPRECATED_OBJC_IMPLEMENTATIONS = YES;
				CLANG_WARN_DIRECT_OBJC_ISA_USAGE = YES_ERROR;
				CLANG_WARN_DOCUMENTATION_COMMENTS = YES;
				CLANG_WARN_EMPTY_BODY = YES;
				CLANG_WARN_ENUM_CONVERSION = YES;
				CLANG_WARN_INFINITE_RECURSION = YES;
				CLANG_WARN_INT_CONVERSION = YES;
				CLANG_WARN_NON_LITERAL_NULL_CONVERSION = YES;
				CLANG_WARN_OBJC_IMPLICIT_RETAIN_SELF = YES;
				CLANG_WARN_OBJC_LITERAL_CONVERSION = YES;
				CLANG_WARN_OBJC_ROOT_CLASS = YES_ERROR;
				CLANG_WARN_RANGE_LOOP_ANALYSIS = YES;
				CLANG_WARN_STRICT_PROTOTYPES = YES;
				CLANG_WARN_SUSPICIOUS_MOVE = YES;
				CLANG_WARN_UNGUARDED_AVAILABILITY = YES_AGGRESSIVE;
				CLANG_WARN_UNREACHABLE_CODE = YES;
				CLANG_WARN__DUPLICATE_METHOD_MATCH = YES;
				COPY_PHASE_STRIP = NO;
				DEBUG_INFORMATION_FORMAT = dwarf;
				ENABLE_STRICT_OBJC_MSGSEND = YES;
				ENABLE_TESTABILITY = YES;
				GCC_C_LANGUAGE_STANDARD = gnu11;
				GCC_DYNAMIC_NO_PIC = NO;
				GCC_NO_COMMON_BLOCKS = YES;
				GCC_OPTIMIZATION_LEVEL = 0;
				GCC_PREPROCESSOR_DEFINITIONS = (
					"DEBUG=1",
					"$(inherited)",
				);
				GCC_WARN_64_TO_32_BIT_CONVERSION = YES;
				GCC_WARN_ABOUT_RETURN_TYPE = YES_ERROR;
				GCC_WARN_UNDECLARED_SELECTOR = YES;
				GCC_WARN_UNINITIALIZED_AUTOS = YES_AGGRESSIVE;
				GCC_WARN_UNUSED_FUNCTION = YES;
				GCC_WARN_UNUSED_VARIABLE = YES;
				IPHONEOS_DEPLOYMENT_TARGET = 13.4;
				MTL_ENABLE_DEBUG_INFO = INCLUDE_SOURCE;
				MTL_FAST_MATH = YES;
				ONLY_ACTIVE_ARCH = YES;
				SDKROOT = iphoneos;
				SWIFT_ACTIVE_COMPILATION_CONDITIONS = DEBUG;
				SWIFT_OPTIMIZATION_LEVEL = "-Onone";
			};
			name = Debug;
		};
		88D12B8B245309A600B28C12 /* Release */ = {
			isa = XCBuildConfiguration;
			buildSettings = {
				ALWAYS_SEARCH_USER_PATHS = NO;
				CLANG_ANALYZER_NONNULL = YES;
				CLANG_ANALYZER_NUMBER_OBJECT_CONVERSION = YES_AGGRESSIVE;
				CLANG_CXX_LANGUAGE_STANDARD = "gnu++14";
				CLANG_CXX_LIBRARY = "libc++";
				CLANG_ENABLE_MODULES = YES;
				CLANG_ENABLE_OBJC_ARC = YES;
				CLANG_ENABLE_OBJC_WEAK = YES;
				CLANG_WARN_BLOCK_CAPTURE_AUTORELEASING = YES;
				CLANG_WARN_BOOL_CONVERSION = YES;
				CLANG_WARN_COMMA = YES;
				CLANG_WARN_CONSTANT_CONVERSION = YES;
				CLANG_WARN_DEPRECATED_OBJC_IMPLEMENTATIONS = YES;
				CLANG_WARN_DIRECT_OBJC_ISA_USAGE = YES_ERROR;
				CLANG_WARN_DOCUMENTATION_COMMENTS = YES;
				CLANG_WARN_EMPTY_BODY = YES;
				CLANG_WARN_ENUM_CONVERSION = YES;
				CLANG_WARN_INFINITE_RECURSION = YES;
				CLANG_WARN_INT_CONVERSION = YES;
				CLANG_WARN_NON_LITERAL_NULL_CONVERSION = YES;
				CLANG_WARN_OBJC_IMPLICIT_RETAIN_SELF = YES;
				CLANG_WARN_OBJC_LITERAL_CONVERSION = YES;
				CLANG_WARN_OBJC_ROOT_CLASS = YES_ERROR;
				CLANG_WARN_RANGE_LOOP_ANALYSIS = YES;
				CLANG_WARN_STRICT_PROTOTYPES = YES;
				CLANG_WARN_SUSPICIOUS_MOVE = YES;
				CLANG_WARN_UNGUARDED_AVAILABILITY = YES_AGGRESSIVE;
				CLANG_WARN_UNREACHABLE_CODE = YES;
				CLANG_WARN__DUPLICATE_METHOD_MATCH = YES;
				COPY_PHASE_STRIP = NO;
				DEBUG_INFORMATION_FORMAT = "dwarf-with-dsym";
				ENABLE_NS_ASSERTIONS = NO;
				ENABLE_STRICT_OBJC_MSGSEND = YES;
				GCC_C_LANGUAGE_STANDARD = gnu11;
				GCC_NO_COMMON_BLOCKS = YES;
				GCC_WARN_64_TO_32_BIT_CONVERSION = YES;
				GCC_WARN_ABOUT_RETURN_TYPE = YES_ERROR;
				GCC_WARN_UNDECLARED_SELECTOR = YES;
				GCC_WARN_UNINITIALIZED_AUTOS = YES_AGGRESSIVE;
				GCC_WARN_UNUSED_FUNCTION = YES;
				GCC_WARN_UNUSED_VARIABLE = YES;
				IPHONEOS_DEPLOYMENT_TARGET = 13.4;
				MTL_ENABLE_DEBUG_INFO = NO;
				MTL_FAST_MATH = YES;
				SDKROOT = iphoneos;
				SWIFT_COMPILATION_MODE = wholemodule;
				SWIFT_OPTIMIZATION_LEVEL = "-O";
				VALIDATE_PRODUCT = YES;
			};
			name = Release;
		};
		88D12B8D245309A600B28C12 /* Debug */ = {
			isa = XCBuildConfiguration;
			buildSettings = {
				ASSETCATALOG_COMPILER_APPICON_NAME = AppIcon;
				CODE_SIGN_STYLE = Automatic;
				INFOPLIST_FILE = AlarmMap/Info.plist;
				LD_RUNPATH_SEARCH_PATHS = (
					"$(inherited)",
					"@executable_path/Frameworks",
				);
				PRODUCT_BUNDLE_IDENTIFIER = com.AlarmMap;
				PRODUCT_NAME = "$(TARGET_NAME)";
				SWIFT_VERSION = 5.0;
				TARGETED_DEVICE_FAMILY = "1,2";
			};
			name = Debug;
		};
		88D12B8E245309A600B28C12 /* Release */ = {
			isa = XCBuildConfiguration;
			buildSettings = {
				ASSETCATALOG_COMPILER_APPICON_NAME = AppIcon;
				CODE_SIGN_STYLE = Automatic;
				INFOPLIST_FILE = AlarmMap/Info.plist;
				LD_RUNPATH_SEARCH_PATHS = (
					"$(inherited)",
					"@executable_path/Frameworks",
				);
				PRODUCT_BUNDLE_IDENTIFIER = com.AlarmMap;
				PRODUCT_NAME = "$(TARGET_NAME)";
				SWIFT_VERSION = 5.0;
				TARGETED_DEVICE_FAMILY = "1,2";
			};
			name = Release;
		};
/* End XCBuildConfiguration section */

/* Begin XCConfigurationList section */
		88D12B73245309A400B28C12 /* Build configuration list for PBXProject "AlarmMap" */ = {
			isa = XCConfigurationList;
			buildConfigurations = (
				88D12B8A245309A600B28C12 /* Debug */,
				88D12B8B245309A600B28C12 /* Release */,
			);
			defaultConfigurationIsVisible = 0;
			defaultConfigurationName = Release;
		};
		88D12B8C245309A600B28C12 /* Build configuration list for PBXNativeTarget "AlarmMap" */ = {
			isa = XCConfigurationList;
			buildConfigurations = (
				88D12B8D245309A600B28C12 /* Debug */,
				88D12B8E245309A600B28C12 /* Release */,
			);
			defaultConfigurationIsVisible = 0;
			defaultConfigurationName = Release;
		};
/* End XCConfigurationList section */
	};
	rootObject = 88D12B70245309A400B28C12 /* Project object */;
}
